<?xml version="1.0" encoding="UTF-8"?>
<CodeBlocks_project_file>
	<FileVersion major="1" minor="6"/>
	<Project>
		<Option title="AllinOne1.2"/>
		<Option makefile_is_custom="1"/>
		<Option compiler="gcc"/>
		<Option virtualFolders="CMake Files\;CMake Files\..\;CMake Files\..\..\;CMake Files\..\..\..\;CMake Files\..\..\..\..\;CMake Files\..\..\..\..\..\;CMake Files\..\..\..\..\..\usr\;CMake Files\..\..\..\..\..\usr\lib\;CMake Files\..\..\..\..\..\usr\lib\x86_64-linux-gnu\;CMake Files\..\..\..\..\..\usr\lib\x86_64-linux-gnu\cmake\;CMake Files\..\..\..\..\..\usr\lib\x86_64-linux-gnu\cmake\Qt5\;CMake Files\..\..\..\..\..\usr\lib\x86_64-linux-gnu\cmake\Qt5Widgets\;CMake Files\..\..\..\..\..\usr\lib\x86_64-linux-gnu\cmake\Qt5Gui\;CMake Files\..\..\..\..\..\usr\lib\x86_64-linux-gnu\cmake\Qt5Core\;CMake Files\..\..\..\..\..\usr\lib\x86_64-linux-gnu\cmake\Qt5Network\;CMake Files\..\..\..\..\..\usr\lib\x86_64-linux-gnu\cmake\Qt5Sql\;CMake Files\..\..\..\..\..\usr\share\;CMake Files\..\..\..\..\..\usr\share\OpenCV\;"/>
		<Build>
			<Target title="all">
				<Option working_dir="/home/tobias/Desktop/GUI/build-tcpip-Desktop-Default"/>
				<Option type="4"/>
				<MakeCommands>
					<Build command="/usr/bin/make -j12 -f &quot;/home/tobias/Desktop/GUI/build-tcpip-Desktop-Default/Makefile&quot;  VERBOSE=1 all"/>
					<CompileFile command="/usr/bin/make -j12 -f &quot;/home/tobias/Desktop/GUI/build-tcpip-Desktop-Default/Makefile&quot;  VERBOSE=1 &quot;$file&quot;"/>
					<Clean command="/usr/bin/make -j12 -f &quot;/home/tobias/Desktop/GUI/build-tcpip-Desktop-Default/Makefile&quot;  VERBOSE=1 clean"/>
					<DistClean command="/usr/bin/make -j12 -f &quot;/home/tobias/Desktop/GUI/build-tcpip-Desktop-Default/Makefile&quot;  VERBOSE=1 clean"/>
				</MakeCommands>
			</Target>
			<Target title="rebuild_cache">
				<Option working_dir="/home/tobias/Desktop/GUI/build-tcpip-Desktop-Default"/>
				<Option type="4"/>
				<MakeCommands>
					<Build command="/usr/bin/make -j12 -f &quot;/home/tobias/Desktop/GUI/build-tcpip-Desktop-Default/Makefile&quot;  VERBOSE=1 rebuild_cache"/>
					<CompileFile command="/usr/bin/make -j12 -f &quot;/home/tobias/Desktop/GUI/build-tcpip-Desktop-Default/Makefile&quot;  VERBOSE=1 &quot;$file&quot;"/>
					<Clean command="/usr/bin/make -j12 -f &quot;/home/tobias/Desktop/GUI/build-tcpip-Desktop-Default/Makefile&quot;  VERBOSE=1 clean"/>
					<DistClean command="/usr/bin/make -j12 -f &quot;/home/tobias/Desktop/GUI/build-tcpip-Desktop-Default/Makefile&quot;  VERBOSE=1 clean"/>
				</MakeCommands>
			</Target>
			<Target title="AllinOne1.2">
				<Option output="/home/tobias/Desktop/GUI/build-tcpip-Desktop-Default/AllinOne1.2" prefix_auto="0" extension_auto="0"/>
				<Option working_dir="/home/tobias/Desktop/GUI/build-tcpip-Desktop-Default"/>
				<Option object_output="./"/>
				<Option type="1"/>
				<Option compiler="gcc"/>
				<Compiler>
					<Add option="-DQT_WIDGETS_LIB"/>
					<Add option="-DQT_GUI_LIB"/>
					<Add option="-DQT_CORE_LIB"/>
					<Add option="-DQT_NO_DEBUG"/>
					<Add option="-DQT_SQL_LIB"/>
					<Add option="-DQT_NETWORK_LIB"/>
					<Add directory="/home/tobias/Desktop/GUI/build-tcpip-Desktop-Default"/>
					<Add directory="/home/tobias/Desktop/GUI/tcpip"/>
					<Add directory="/home/tobias/Desktop/GUI/build-tcpip-Desktop-Default/AllinOne1.2_autogen/include"/>
					<Add directory="/opt/pylon/include"/>
					<Add directory="/home/tobias/Desktop/GUI/tcpip/Sources"/>
					<Add directory="/home/tobias/Desktop/GUI/tcpip/Headers"/>
					<Add directory="/home/tobias/Desktop/GUI/tcpip/TCPIP"/>
					<Add directory="/usr/include/x86_64-linux-gnu/qt5"/>
					<Add directory="/usr/include/x86_64-linux-gnu/qt5/QtWidgets"/>
					<Add directory="/usr/include/x86_64-linux-gnu/qt5/QtGui"/>
					<Add directory="/usr/include/x86_64-linux-gnu/qt5/QtCore"/>
					<Add directory="/usr/lib/x86_64-linux-gnu/qt5/mkspecs/linux-g++"/>
					<Add directory="/usr/include/x86_64-linux-gnu/qt5/QtSql"/>
					<Add directory="/usr/include/opencv"/>
					<Add directory="/usr/include/x86_64-linux-gnu/qt5/QtNetwork"/>
					<Add directory="/usr/include/c++/7"/>
					<Add directory="/usr/include/x86_64-linux-gnu/c++/7"/>
					<Add directory="/usr/include/c++/7/backward"/>
					<Add directory="/usr/lib/gcc/x86_64-linux-gnu/7/include"/>
					<Add directory="/usr/local/include"/>
					<Add directory="/usr/lib/gcc/x86_64-linux-gnu/7/include-fixed"/>
					<Add directory="/usr/include/x86_64-linux-gnu"/>
					<Add directory="/usr/include"/>
				</Compiler>
				<MakeCommands>
					<Build command="/usr/bin/make -j12 -f &quot;/home/tobias/Desktop/GUI/build-tcpip-Desktop-Default/Makefile&quot;  VERBOSE=1 AllinOne1.2"/>
					<CompileFile command="/usr/bin/make -j12 -f &quot;/home/tobias/Desktop/GUI/build-tcpip-Desktop-Default/Makefile&quot;  VERBOSE=1 &quot;$file&quot;"/>
					<Clean command="/usr/bin/make -j12 -f &quot;/home/tobias/Desktop/GUI/build-tcpip-Desktop-Default/Makefile&quot;  VERBOSE=1 clean"/>
					<DistClean command="/usr/bin/make -j12 -f &quot;/home/tobias/Desktop/GUI/build-tcpip-Desktop-Default/Makefile&quot;  VERBOSE=1 clean"/>
				</MakeCommands>
			</Target>
			<Target title="AllinOne1.2/fast">
				<Option output="/home/tobias/Desktop/GUI/build-tcpip-Desktop-Default/AllinOne1.2" prefix_auto="0" extension_auto="0"/>
				<Option working_dir="/home/tobias/Desktop/GUI/build-tcpip-Desktop-Default"/>
				<Option object_output="./"/>
				<Option type="1"/>
				<Option compiler="gcc"/>
				<Compiler>
					<Add option="-DQT_WIDGETS_LIB"/>
					<Add option="-DQT_GUI_LIB"/>
					<Add option="-DQT_CORE_LIB"/>
					<Add option="-DQT_NO_DEBUG"/>
					<Add option="-DQT_SQL_LIB"/>
					<Add option="-DQT_NETWORK_LIB"/>
					<Add directory="/home/tobias/Desktop/GUI/build-tcpip-Desktop-Default"/>
					<Add directory="/home/tobias/Desktop/GUI/tcpip"/>
					<Add directory="/home/tobias/Desktop/GUI/build-tcpip-Desktop-Default/AllinOne1.2_autogen/include"/>
					<Add directory="/opt/pylon/include"/>
					<Add directory="/home/tobias/Desktop/GUI/tcpip/Sources"/>
					<Add directory="/home/tobias/Desktop/GUI/tcpip/Headers"/>
					<Add directory="/home/tobias/Desktop/GUI/tcpip/TCPIP"/>
					<Add directory="/usr/include/x86_64-linux-gnu/qt5"/>
					<Add directory="/usr/include/x86_64-linux-gnu/qt5/QtWidgets"/>
					<Add directory="/usr/include/x86_64-linux-gnu/qt5/QtGui"/>
					<Add directory="/usr/include/x86_64-linux-gnu/qt5/QtCore"/>
					<Add directory="/usr/lib/x86_64-linux-gnu/qt5/mkspecs/linux-g++"/>
					<Add directory="/usr/include/x86_64-linux-gnu/qt5/QtSql"/>
					<Add directory="/usr/include/opencv"/>
					<Add directory="/usr/include/x86_64-linux-gnu/qt5/QtNetwork"/>
					<Add directory="/usr/include/c++/7"/>
					<Add directory="/usr/include/x86_64-linux-gnu/c++/7"/>
					<Add directory="/usr/include/c++/7/backward"/>
					<Add directory="/usr/lib/gcc/x86_64-linux-gnu/7/include"/>
					<Add directory="/usr/local/include"/>
					<Add directory="/usr/lib/gcc/x86_64-linux-gnu/7/include-fixed"/>
					<Add directory="/usr/include/x86_64-linux-gnu"/>
					<Add directory="/usr/include"/>
				</Compiler>
				<MakeCommands>
					<Build command="/usr/bin/make -j12 -f &quot;/home/tobias/Desktop/GUI/build-tcpip-Desktop-Default/Makefile&quot;  VERBOSE=1 AllinOne1.2/fast"/>
					<CompileFile command="/usr/bin/make -j12 -f &quot;/home/tobias/Desktop/GUI/build-tcpip-Desktop-Default/Makefile&quot;  VERBOSE=1 &quot;$file&quot;"/>
					<Clean command="/usr/bin/make -j12 -f &quot;/home/tobias/Desktop/GUI/build-tcpip-Desktop-Default/Makefile&quot;  VERBOSE=1 clean"/>
					<DistClean command="/usr/bin/make -j12 -f &quot;/home/tobias/Desktop/GUI/build-tcpip-Desktop-Default/Makefile&quot;  VERBOSE=1 clean"/>
				</MakeCommands>
			</Target>
			<Target title="edit_cache">
				<Option working_dir="/home/tobias/Desktop/GUI/build-tcpip-Desktop-Default"/>
				<Option type="4"/>
				<MakeCommands>
					<Build command="/usr/bin/make -j12 -f &quot;/home/tobias/Desktop/GUI/build-tcpip-Desktop-Default/Makefile&quot;  VERBOSE=1 edit_cache"/>
					<CompileFile command="/usr/bin/make -j12 -f &quot;/home/tobias/Desktop/GUI/build-tcpip-Desktop-Default/Makefile&quot;  VERBOSE=1 &quot;$file&quot;"/>
					<Clean command="/usr/bin/make -j12 -f &quot;/home/tobias/Desktop/GUI/build-tcpip-Desktop-Default/Makefile&quot;  VERBOSE=1 clean"/>
					<DistClean command="/usr/bin/make -j12 -f &quot;/home/tobias/Desktop/GUI/build-tcpip-Desktop-Default/Makefile&quot;  VERBOSE=1 clean"/>
				</MakeCommands>
			</Target>
			<Target title="AllinOne1.2_autogen">
				<Option working_dir="/home/tobias/Desktop/GUI/build-tcpip-Desktop-Default"/>
				<Option type="4"/>
				<MakeCommands>
					<Build command="/usr/bin/make -j12 -f &quot;/home/tobias/Desktop/GUI/build-tcpip-Desktop-Default/Makefile&quot;  VERBOSE=1 AllinOne1.2_autogen"/>
					<CompileFile command="/usr/bin/make -j12 -f &quot;/home/tobias/Desktop/GUI/build-tcpip-Desktop-Default/Makefile&quot;  VERBOSE=1 &quot;$file&quot;"/>
					<Clean command="/usr/bin/make -j12 -f &quot;/home/tobias/Desktop/GUI/build-tcpip-Desktop-Default/Makefile&quot;  VERBOSE=1 clean"/>
					<DistClean command="/usr/bin/make -j12 -f &quot;/home/tobias/Desktop/GUI/build-tcpip-Desktop-Default/Makefile&quot;  VERBOSE=1 clean"/>
				</MakeCommands>
			</Target>
		</Build>
		<Unit filename="/home/tobias/Desktop/GUI/build-tcpip-Desktop-Default/AllinOne1.2_autogen/mocs_compilation.cpp">
			<Option target="AllinOne1.2"/>
		</Unit>
		<Unit filename="/home/tobias/Desktop/GUI/tcpip/Headers/camera.h">
			<Option target="AllinOne1.2"/>
		</Unit>
		<Unit filename="/home/tobias/Desktop/GUI/tcpip/Headers/chessboard.h">
			<Option target="AllinOne1.2"/>
		</Unit>
		<Unit filename="/home/tobias/Desktop/GUI/tcpip/Headers/coordinates.h">
			<Option target="AllinOne1.2"/>
		</Unit>
		<Unit filename="/home/tobias/Desktop/GUI/tcpip/Sources/camera.cpp">
			<Option target="AllinOne1.2"/>
		</Unit>
		<Unit filename="/home/tobias/Desktop/GUI/tcpip/Sources/chessboard.cpp">
			<Option target="AllinOne1.2"/>
		</Unit>
		<Unit filename="/home/tobias/Desktop/GUI/tcpip/Sources/coordinates.cpp">
			<Option target="AllinOne1.2"/>
		</Unit>
		<Unit filename="/home/tobias/Desktop/GUI/tcpip/TCPIP/tcpipserver.cpp">
			<Option target="AllinOne1.2"/>
		</Unit>
		<Unit filename="/home/tobias/Desktop/GUI/tcpip/TCPIP/tcpipserver.h">
			<Option target="AllinOne1.2"/>
		</Unit>
		<Unit filename="/home/tobias/Desktop/GUI/tcpip/dbconnector.cpp">
			<Option target="AllinOne1.2"/>
		</Unit>
		<Unit filename="/home/tobias/Desktop/GUI/tcpip/dbconnector.h">
			<Option target="AllinOne1.2"/>
		</Unit>
		<Unit filename="/home/tobias/Desktop/GUI/tcpip/main.cpp">
			<Option target="AllinOne1.2"/>
		</Unit>
		<Unit filename="/home/tobias/Desktop/GUI/tcpip/mainwindow.cpp">
			<Option target="AllinOne1.2"/>
		</Unit>
		<Unit filename="/home/tobias/Desktop/GUI/tcpip/mainwindow.h">
			<Option target="AllinOne1.2"/>
		</Unit>
		<Unit filename="/home/tobias/Desktop/GUI/tcpip/mainwindow.ui">
			<Option target="AllinOne1.2"/>
		</Unit>
		<Unit filename="/home/tobias/Desktop/GUI/tcpip/toss.cpp">
			<Option target="AllinOne1.2"/>
		</Unit>
		<Unit filename="/home/tobias/Desktop/GUI/tcpip/toss.h">
			<Option target="AllinOne1.2"/>
		</Unit>
		<Unit filename="/home/tobias/Desktop/GUI/tcpip/CMakeLists.txt">
			<Option virtualFolder="CMake Files\"/>
		</Unit>
		<Unit filename="/home/tobias/Desktop/GUI/tcpip/FindPylon.cmake">
			<Option virtualFolder="CMake Files\"/>
		</Unit>
		<Unit filename="/home/tobias/Desktop/GUI/tcpip/../../../../../usr/lib/x86_64-linux-gnu/cmake/Qt5/Qt5Config.cmake">
			<Option virtualFolder="CMake Files\..\..\..\..\..\usr\lib\x86_64-linux-gnu\cmake\Qt5\"/>
		</Unit>
		<Unit filename="/home/tobias/Desktop/GUI/tcpip/../../../../../usr/lib/x86_64-linux-gnu/cmake/Qt5/Qt5ConfigVersion.cmake">
			<Option virtualFolder="CMake Files\..\..\..\..\..\usr\lib\x86_64-linux-gnu\cmake\Qt5\"/>
		</Unit>
		<Unit filename="/home/tobias/Desktop/GUI/tcpip/../../../../../usr/lib/x86_64-linux-gnu/cmake/Qt5/Qt5ModuleLocation.cmake">
			<Option virtualFolder="CMake Files\..\..\..\..\..\usr\lib\x86_64-linux-gnu\cmake\Qt5\"/>
		</Unit>
		<Unit filename="/home/tobias/Desktop/GUI/tcpip/../../../../../usr/lib/x86_64-linux-gnu/cmake/Qt5Widgets/Qt5WidgetsConfig.cmake">
			<Option virtualFolder="CMake Files\..\..\..\..\..\usr\lib\x86_64-linux-gnu\cmake\Qt5Widgets\"/>
		</Unit>
		<Unit filename="/home/tobias/Desktop/GUI/tcpip/../../../../../usr/lib/x86_64-linux-gnu/cmake/Qt5Widgets/Qt5WidgetsConfigExtras.cmake">
			<Option virtualFolder="CMake Files\..\..\..\..\..\usr\lib\x86_64-linux-gnu\cmake\Qt5Widgets\"/>
		</Unit>
		<Unit filename="/home/tobias/Desktop/GUI/tcpip/../../../../../usr/lib/x86_64-linux-gnu/cmake/Qt5Widgets/Qt5WidgetsConfigVersion.cmake">
			<Option virtualFolder="CMake Files\..\..\..\..\..\usr\lib\x86_64-linux-gnu\cmake\Qt5Widgets\"/>
		</Unit>
		<Unit filename="/home/tobias/Desktop/GUI/tcpip/../../../../../usr/lib/x86_64-linux-gnu/cmake/Qt5Widgets/Qt5WidgetsMacros.cmake">
			<Option virtualFolder="CMake Files\..\..\..\..\..\usr\lib\x86_64-linux-gnu\cmake\Qt5Widgets\"/>
		</Unit>
		<Unit filename="/home/tobias/Desktop/GUI/tcpip/../../../../../usr/lib/x86_64-linux-gnu/cmake/Qt5Gui/Qt5GuiConfig.cmake">
			<Option virtualFolder="CMake Files\..\..\..\..\..\usr\lib\x86_64-linux-gnu\cmake\Qt5Gui\"/>
		</Unit>
		<Unit filename="/home/tobias/Desktop/GUI/tcpip/../../../../../usr/lib/x86_64-linux-gnu/cmake/Qt5Gui/Qt5GuiConfigExtras.cmake">
			<Option virtualFolder="CMake Files\..\..\..\..\..\usr\lib\x86_64-linux-gnu\cmake\Qt5Gui\"/>
		</Unit>
		<Unit filename="/home/tobias/Desktop/GUI/tcpip/../../../../../usr/lib/x86_64-linux-gnu/cmake/Qt5Gui/Qt5GuiConfigVersion.cmake">
			<Option virtualFolder="CMake Files\..\..\..\..\..\usr\lib\x86_64-linux-gnu\cmake\Qt5Gui\"/>
		</Unit>
		<Unit filename="/home/tobias/Desktop/GUI/tcpip/../../../../../usr/lib/x86_64-linux-gnu/cmake/Qt5Core/Qt5CoreConfig.cmake">
			<Option virtualFolder="CMake Files\..\..\..\..\..\usr\lib\x86_64-linux-gnu\cmake\Qt5Core\"/>
		</Unit>
		<Unit filename="/home/tobias/Desktop/GUI/tcpip/../../../../../usr/lib/x86_64-linux-gnu/cmake/Qt5Core/Qt5CoreConfigExtras.cmake">
			<Option virtualFolder="CMake Files\..\..\..\..\..\usr\lib\x86_64-linux-gnu\cmake\Qt5Core\"/>
		</Unit>
		<Unit filename="/home/tobias/Desktop/GUI/tcpip/../../../../../usr/lib/x86_64-linux-gnu/cmake/Qt5Core/Qt5CoreConfigExtrasMkspecDir.cmake">
			<Option virtualFolder="CMake Files\..\..\..\..\..\usr\lib\x86_64-linux-gnu\cmake\Qt5Core\"/>
		</Unit>
		<Unit filename="/home/tobias/Desktop/GUI/tcpip/../../../../../usr/lib/x86_64-linux-gnu/cmake/Qt5Core/Qt5CoreConfigVersion.cmake">
			<Option virtualFolder="CMake Files\..\..\..\..\..\usr\lib\x86_64-linux-gnu\cmake\Qt5Core\"/>
		</Unit>
		<Unit filename="/home/tobias/Desktop/GUI/tcpip/../../../../../usr/lib/x86_64-linux-gnu/cmake/Qt5Core/Qt5CoreMacros.cmake">
			<Option virtualFolder="CMake Files\..\..\..\..\..\usr\lib\x86_64-linux-gnu\cmake\Qt5Core\"/>
		</Unit>
		<Unit filename="/home/tobias/Desktop/GUI/tcpip/../../../../../usr/lib/x86_64-linux-gnu/cmake/Qt5Network/Qt5NetworkConfig.cmake">
			<Option virtualFolder="CMake Files\..\..\..\..\..\usr\lib\x86_64-linux-gnu\cmake\Qt5Network\"/>
		</Unit>
		<Unit filename="/home/tobias/Desktop/GUI/tcpip/../../../../../usr/lib/x86_64-linux-gnu/cmake/Qt5Network/Qt5NetworkConfigVersion.cmake">
			<Option virtualFolder="CMake Files\..\..\..\..\..\usr\lib\x86_64-linux-gnu\cmake\Qt5Network\"/>
		</Unit>
		<Unit filename="/home/tobias/Desktop/GUI/tcpip/../../../../../usr/lib/x86_64-linux-gnu/cmake/Qt5Sql/Qt5SqlConfig.cmake">
			<Option virtualFolder="CMake Files\..\..\..\..\..\usr\lib\x86_64-linux-gnu\cmake\Qt5Sql\"/>
		</Unit>
		<Unit filename="/home/tobias/Desktop/GUI/tcpip/../../../../../usr/lib/x86_64-linux-gnu/cmake/Qt5Sql/Qt5SqlConfigVersion.cmake">
			<Option virtualFolder="CMake Files\..\..\..\..\..\usr\lib\x86_64-linux-gnu\cmake\Qt5Sql\"/>
		</Unit>
		<Unit filename="/home/tobias/Desktop/GUI/tcpip/../../../../../usr/share/OpenCV/OpenCVConfig-version.cmake">
			<Option virtualFolder="CMake Files\..\..\..\..\..\usr\share\OpenCV\"/>
		</Unit>
		<Unit filename="/home/tobias/Desktop/GUI/tcpip/../../../../../usr/share/OpenCV/OpenCVConfig.cmake">
			<Option virtualFolder="CMake Files\..\..\..\..\..\usr\share\OpenCV\"/>
		</Unit>
		<Unit filename="/home/tobias/Desktop/GUI/tcpip/../../../../../usr/share/OpenCV/OpenCVModules-release.cmake">
			<Option virtualFolder="CMake Files\..\..\..\..\..\usr\share\OpenCV\"/>
		</Unit>
		<Unit filename="/home/tobias/Desktop/GUI/tcpip/../../../../../usr/share/OpenCV/OpenCVModules.cmake">
			<Option virtualFolder="CMake Files\..\..\..\..\..\usr\share\OpenCV\"/>
		</Unit>
	</Project>
</CodeBlocks_project_file>
